
Microsoft Visual Studio Solution File, Format Version 9.00
# Visual C# Express 2005
Project("{FAE04EC0-301F-11D3-BF4B-00C04F79EFBC}") = "Diziler", "Diziler\Diziler.csproj", "{B4A547CA-593E-4D03-A0E4-3CCAEA20F665}"
EndProject
Global
	GlobalSection(SolutionConfigurationPlatforms) = preSolution
		Debug|Any CPU = Debug|Any CPU
		Release|Any CPU = Release|Any CPU
	EndGlobalSection
	GlobalSection(ProjectConfigurationPlatforms) = postSolution
		{B4A547CA-593E-4D03-A0E4-3CCAEA20F665}.Debug|Any CPU.ActiveCfg = Debug|Any CPU
		{B4A547CA-593E-4D03-A0E4-3CCAEA20F665}.Debug|Any CPU.Build.0 = Debug|Any CPU
		{B4A547CA-593E-4D03-A0E4-3CCAEA20F665}.Release|Any CPU.ActiveCfg = Release|Any CPU
		{B4A547CA-593E-4D03-A0E4-3CCAEA20F665}.Release|Any CPU.Build.0 = Release|Any CPU
	EndGlobalSection
	GlobalSection(SolutionProperties) = preSolution
		HideSolutionNode = FALSE
	EndGlobalSection
EndGlobal
