
Microsoft Visual Studio Solution File, Format Version 12.00
# Visual Studio 15
VisualStudioVersion = 15.0.28307.1340
MinimumVisualStudioVersion = 10.0.40219.1
Project("{FAE04EC0-301F-11D3-BF4B-00C04F79EFBC}") = "BelediyeCukuru", "BelediyeCukuru\BelediyeCukuru.csproj", "{EA6495D7-FEFA-4966-85A4-749DF945B0DC}"
EndProject
Global
	GlobalSection(SolutionConfigurationPlatforms) = preSolution
		Debug|Any CPU = Debug|Any CPU
		Release|Any CPU = Release|Any CPU
	EndGlobalSection
	GlobalSection(ProjectConfigurationPlatforms) = postSolution
		{EA6495D7-FEFA-4966-85A4-749DF945B0DC}.Debug|Any CPU.ActiveCfg = Debug|Any CPU
		{EA6495D7-FEFA-4966-85A4-749DF945B0DC}.Debug|Any CPU.Build.0 = Debug|Any CPU
		{EA6495D7-FEFA-4966-85A4-749DF945B0DC}.Release|Any CPU.ActiveCfg = Release|Any CPU
		{EA6495D7-FEFA-4966-85A4-749DF945B0DC}.Release|Any CPU.Build.0 = Release|Any CPU
	EndGlobalSection
	GlobalSection(SolutionProperties) = preSolution
		HideSolutionNode = FALSE
	EndGlobalSection
	GlobalSection(ExtensibilityGlobals) = postSolution
		SolutionGuid = {A2B0D790-4738-4246-BEDE-C9ECAE9631DA}
	EndGlobalSection
EndGlobal
